
Microsoft Visual Studio Solution File, Format Version 12.00
# Visual Studio 15
VisualStudioVersion = 15.0.27130.2024
MinimumVisualStudioVersion = 10.0.40219.1
Project("{FAE04EC0-301F-11D3-BF4B-00C04F79EFBC}") = "RIJINDAL_AES_TEST", "RIJINDAL_AES_TEST\RIJINDAL_AES_TEST.csproj", "{9E8889FC-AA93-49CF-9906-3B6F24DAF1FF}"
EndProject
Global
	GlobalSection(SolutionConfigurationPlatforms) = preSolution
		Debug|Any CPU = Debug|Any CPU
		Release|Any CPU = Release|Any CPU
	EndGlobalSection
	GlobalSection(ProjectConfigurationPlatforms) = postSolution
		{9E8889FC-AA93-49CF-9906-3B6F24DAF1FF}.Debug|Any CPU.ActiveCfg = Debug|Any CPU
		{9E8889FC-AA93-49CF-9906-3B6F24DAF1FF}.Debug|Any CPU.Build.0 = Debug|Any CPU
		{9E8889FC-AA93-49CF-9906-3B6F24DAF1FF}.Release|Any CPU.ActiveCfg = Release|Any CPU
		{9E8889FC-AA93-49CF-9906-3B6F24DAF1FF}.Release|Any CPU.Build.0 = Release|Any CPU
	EndGlobalSection
	GlobalSection(SolutionProperties) = preSolution
		HideSolutionNode = FALSE
	EndGlobalSection
	GlobalSection(ExtensibilityGlobals) = postSolution
		SolutionGuid = {682C2E4A-D8D3-43D4-9E57-AD87C92C7397}
	EndGlobalSection
EndGlobal
